
Microsoft Visual Studio Solution File, Format Version 12.00
# Visual Studio Version 16
VisualStudioVersion = 16.0.30711.63
MinimumVisualStudioVersion = 10.0.40219.1
Project("{FAE04EC0-301F-11D3-BF4B-00C04F79EFBC}") = "DesignPrinciplesLearning", "DesignPrinciplesLearning\DesignPrinciplesLearning.csproj", "{EE04099A-ACCE-4019-B992-9CC14E9E6FB7}"
EndProject
Project("{FAE04EC0-301F-11D3-BF4B-00C04F79EFBC}") = "SimUDuck", "SimUDuck\SimUDuck.csproj", "{2FFFEC32-1B76-4F42-B965-82D4643EBCCB}"
EndProject
Project("{FAE04EC0-301F-11D3-BF4B-00C04F79EFBC}") = "FactoryPattern.Pizza", "FactoryPattern.Pizza\FactoryPattern.Pizza.csproj", "{35EB119A-F7F1-4D73-A08E-8A8BD9213498}"
EndProject
Project("{FAE04EC0-301F-11D3-BF4B-00C04F79EFBC}") = "Learning.Singleton", "Learning.Singleton\Learning.Singleton.csproj", "{DE74D17A-F388-4DC1-975F-DD8F536D9A2D}"
EndProject
Project("{FAE04EC0-301F-11D3-BF4B-00C04F79EFBC}") = "CommandPattern.RemoteAPI", "CommandPattern.RemoteAPI\CommandPattern.RemoteAPI.csproj", "{59328928-08EE-4D80-85ED-17317C54FCA5}"
EndProject
Project("{FAE04EC0-301F-11D3-BF4B-00C04F79EFBC}") = "DecoratorPattern.StarBuzzCoffee", "DecoratorPattern.StarBuzzCoffee\DecoratorPattern.StarBuzzCoffee.csproj", "{DFDB2FEE-0D14-4617-8E03-FA1081CC14BB}"
EndProject
Project("{FAE04EC0-301F-11D3-BF4B-00C04F79EFBC}") = "AdapterPattern", "AdapterPattern\AdapterPattern.csproj", "{3ED6F4E0-F322-4A8D-9046-113357C27F3B}"
EndProject
Global
	GlobalSection(SolutionConfigurationPlatforms) = preSolution
		Debug|Any CPU = Debug|Any CPU
		Release|Any CPU = Release|Any CPU
	EndGlobalSection
	GlobalSection(ProjectConfigurationPlatforms) = postSolution
		{EE04099A-ACCE-4019-B992-9CC14E9E6FB7}.Debug|Any CPU.ActiveCfg = Debug|Any CPU
		{EE04099A-ACCE-4019-B992-9CC14E9E6FB7}.Debug|Any CPU.Build.0 = Debug|Any CPU
		{EE04099A-ACCE-4019-B992-9CC14E9E6FB7}.Release|Any CPU.ActiveCfg = Release|Any CPU
		{EE04099A-ACCE-4019-B992-9CC14E9E6FB7}.Release|Any CPU.Build.0 = Release|Any CPU
		{2FFFEC32-1B76-4F42-B965-82D4643EBCCB}.Debug|Any CPU.ActiveCfg = Debug|Any CPU
		{2FFFEC32-1B76-4F42-B965-82D4643EBCCB}.Debug|Any CPU.Build.0 = Debug|Any CPU
		{2FFFEC32-1B76-4F42-B965-82D4643EBCCB}.Release|Any CPU.ActiveCfg = Release|Any CPU
		{2FFFEC32-1B76-4F42-B965-82D4643EBCCB}.Release|Any CPU.Build.0 = Release|Any CPU
		{35EB119A-F7F1-4D73-A08E-8A8BD9213498}.Debug|Any CPU.ActiveCfg = Debug|Any CPU
		{35EB119A-F7F1-4D73-A08E-8A8BD9213498}.Debug|Any CPU.Build.0 = Debug|Any CPU
		{35EB119A-F7F1-4D73-A08E-8A8BD9213498}.Release|Any CPU.ActiveCfg = Release|Any CPU
		{35EB119A-F7F1-4D73-A08E-8A8BD9213498}.Release|Any CPU.Build.0 = Release|Any CPU
		{DE74D17A-F388-4DC1-975F-DD8F536D9A2D}.Debug|Any CPU.ActiveCfg = Debug|Any CPU
		{DE74D17A-F388-4DC1-975F-DD8F536D9A2D}.Debug|Any CPU.Build.0 = Debug|Any CPU
		{DE74D17A-F388-4DC1-975F-DD8F536D9A2D}.Release|Any CPU.ActiveCfg = Release|Any CPU
		{DE74D17A-F388-4DC1-975F-DD8F536D9A2D}.Release|Any CPU.Build.0 = Release|Any CPU
		{59328928-08EE-4D80-85ED-17317C54FCA5}.Debug|Any CPU.ActiveCfg = Debug|Any CPU
		{59328928-08EE-4D80-85ED-17317C54FCA5}.Debug|Any CPU.Build.0 = Debug|Any CPU
		{59328928-08EE-4D80-85ED-17317C54FCA5}.Release|Any CPU.ActiveCfg = Release|Any CPU
		{59328928-08EE-4D80-85ED-17317C54FCA5}.Release|Any CPU.Build.0 = Release|Any CPU
		{DFDB2FEE-0D14-4617-8E03-FA1081CC14BB}.Debug|Any CPU.ActiveCfg = Debug|Any CPU
		{DFDB2FEE-0D14-4617-8E03-FA1081CC14BB}.Debug|Any CPU.Build.0 = Debug|Any CPU
		{DFDB2FEE-0D14-4617-8E03-FA1081CC14BB}.Release|Any CPU.ActiveCfg = Release|Any CPU
		{DFDB2FEE-0D14-4617-8E03-FA1081CC14BB}.Release|Any CPU.Build.0 = Release|Any CPU
		{3ED6F4E0-F322-4A8D-9046-113357C27F3B}.Debug|Any CPU.ActiveCfg = Debug|Any CPU
		{3ED6F4E0-F322-4A8D-9046-113357C27F3B}.Debug|Any CPU.Build.0 = Debug|Any CPU
		{3ED6F4E0-F322-4A8D-9046-113357C27F3B}.Release|Any CPU.ActiveCfg = Release|Any CPU
		{3ED6F4E0-F322-4A8D-9046-113357C27F3B}.Release|Any CPU.Build.0 = Release|Any CPU
	EndGlobalSection
	GlobalSection(SolutionProperties) = preSolution
		HideSolutionNode = FALSE
	EndGlobalSection
	GlobalSection(ExtensibilityGlobals) = postSolution
		SolutionGuid = {33FD6B40-E766-4CDC-9921-67FD37B02AE9}
	EndGlobalSection
EndGlobal
